
Microsoft Visual Studio Solution File, Format Version 12.00
# Visual Studio Version 17
VisualStudioVersion = 17.1.32414.318
MinimumVisualStudioVersion = 10.0.40219.1
Project("{9A19103F-16F7-4668-BE54-9A1E7A4F7556}") = "1SyntaxCSharp", "1SyntaxCSharp\1SyntaxCSharp.csproj", "{EE0832A7-EB51-4EB0-A85E-90B55882B62B}"
EndProject
Project("{9A19103F-16F7-4668-BE54-9A1E7A4F7556}") = "3Datentypkonvertierung", "3Datentypkonvertierung\3Datentypkonvertierung.csproj", "{E6A6E114-FA8D-4370-88AB-A8388DC43E34}"
EndProject
Project("{9A19103F-16F7-4668-BE54-9A1E7A4F7556}") = "2ConsolenEingbaeAusgabe", "2ConsolenEingbaeAusgabe\2ConsolenEingbaeAusgabe.csproj", "{C46D499A-20B9-4F3A-B6DB-CC08224A766B}"
EndProject
Project("{9A19103F-16F7-4668-BE54-9A1E7A4F7556}") = "4BMI", "4BMI\4BMI.csproj", "{C5E471A0-AABD-4C7C-B98F-ED9AE99CA9A4}"
EndProject
Project("{9A19103F-16F7-4668-BE54-9A1E7A4F7556}") = "5TreuePrämie", "5TreuePrämie\5TreuePrämie.csproj", "{3469D23E-FCA9-4B20-BC91-6462DF9E03C3}"
EndProject
Project("{FAE04EC0-301F-11D3-BF4B-00C04F79EFBC}") = "6Sinus", "6Sinus\6Sinus.csproj", "{24B19179-F743-4474-A5D4-B08D9A7AA5FD}"
EndProject
Global
	GlobalSection(SolutionConfigurationPlatforms) = preSolution
		Debug|Any CPU = Debug|Any CPU
		Release|Any CPU = Release|Any CPU
	EndGlobalSection
	GlobalSection(ProjectConfigurationPlatforms) = postSolution
		{EE0832A7-EB51-4EB0-A85E-90B55882B62B}.Debug|Any CPU.ActiveCfg = Debug|Any CPU
		{EE0832A7-EB51-4EB0-A85E-90B55882B62B}.Debug|Any CPU.Build.0 = Debug|Any CPU
		{EE0832A7-EB51-4EB0-A85E-90B55882B62B}.Release|Any CPU.ActiveCfg = Release|Any CPU
		{EE0832A7-EB51-4EB0-A85E-90B55882B62B}.Release|Any CPU.Build.0 = Release|Any CPU
		{E6A6E114-FA8D-4370-88AB-A8388DC43E34}.Debug|Any CPU.ActiveCfg = Debug|Any CPU
		{E6A6E114-FA8D-4370-88AB-A8388DC43E34}.Debug|Any CPU.Build.0 = Debug|Any CPU
		{E6A6E114-FA8D-4370-88AB-A8388DC43E34}.Release|Any CPU.ActiveCfg = Release|Any CPU
		{E6A6E114-FA8D-4370-88AB-A8388DC43E34}.Release|Any CPU.Build.0 = Release|Any CPU
		{C46D499A-20B9-4F3A-B6DB-CC08224A766B}.Debug|Any CPU.ActiveCfg = Debug|Any CPU
		{C46D499A-20B9-4F3A-B6DB-CC08224A766B}.Debug|Any CPU.Build.0 = Debug|Any CPU
		{C46D499A-20B9-4F3A-B6DB-CC08224A766B}.Release|Any CPU.ActiveCfg = Release|Any CPU
		{C46D499A-20B9-4F3A-B6DB-CC08224A766B}.Release|Any CPU.Build.0 = Release|Any CPU
		{C5E471A0-AABD-4C7C-B98F-ED9AE99CA9A4}.Debug|Any CPU.ActiveCfg = Debug|Any CPU
		{C5E471A0-AABD-4C7C-B98F-ED9AE99CA9A4}.Debug|Any CPU.Build.0 = Debug|Any CPU
		{C5E471A0-AABD-4C7C-B98F-ED9AE99CA9A4}.Release|Any CPU.ActiveCfg = Release|Any CPU
		{C5E471A0-AABD-4C7C-B98F-ED9AE99CA9A4}.Release|Any CPU.Build.0 = Release|Any CPU
		{3469D23E-FCA9-4B20-BC91-6462DF9E03C3}.Debug|Any CPU.ActiveCfg = Debug|Any CPU
		{3469D23E-FCA9-4B20-BC91-6462DF9E03C3}.Debug|Any CPU.Build.0 = Debug|Any CPU
		{3469D23E-FCA9-4B20-BC91-6462DF9E03C3}.Release|Any CPU.ActiveCfg = Release|Any CPU
		{3469D23E-FCA9-4B20-BC91-6462DF9E03C3}.Release|Any CPU.Build.0 = Release|Any CPU
		{24B19179-F743-4474-A5D4-B08D9A7AA5FD}.Debug|Any CPU.ActiveCfg = Debug|Any CPU
		{24B19179-F743-4474-A5D4-B08D9A7AA5FD}.Debug|Any CPU.Build.0 = Debug|Any CPU
		{24B19179-F743-4474-A5D4-B08D9A7AA5FD}.Release|Any CPU.ActiveCfg = Release|Any CPU
		{24B19179-F743-4474-A5D4-B08D9A7AA5FD}.Release|Any CPU.Build.0 = Release|Any CPU
	EndGlobalSection
	GlobalSection(SolutionProperties) = preSolution
		HideSolutionNode = FALSE
	EndGlobalSection
	GlobalSection(ExtensibilityGlobals) = postSolution
		SolutionGuid = {10BE0670-D67E-464D-857A-4244D26C8AC1}
	EndGlobalSection
EndGlobal
